
Microsoft Visual Studio Solution File, Format Version 12.00
# Visual Studio 15
VisualStudioVersion = 15.0.27130.2010
MinimumVisualStudioVersion = 10.0.40219.1
Project("{FAE04EC0-301F-11D3-BF4B-00C04F79EFBC}") = "Actress", "Actress\Actress.csproj", "{AFA93C74-738D-4083-897F-031182A0AEAF}"
EndProject
Project("{FAE04EC0-301F-11D3-BF4B-00C04F79EFBC}") = "Actress.TestsOld", "Actress.Tests\Actress.TestsOld.csproj", "{6B9C63FB-3912-410E-9BE2-AD3DCA38C5A2}"
EndProject
Project("{2150E333-8FDC-42A3-9474-1A3956D46DE8}") = "Solution Items", "Solution Items", "{D99703C4-24F8-47E9-925B-41865B5A7A63}"
	ProjectSection(SolutionItems) = preProject
		.gitignore = .gitignore
		LICENSE = LICENSE
		README.md = README.md
	EndProjectSection
EndProject
Project("{FAE04EC0-301F-11D3-BF4B-00C04F79EFBC}") = "Actress.Tests", "tests\Actress.Tests\Actress.Tests.csproj", "{16C37BDA-D6D7-4A98-B158-89DCFBDEE12D}"
EndProject
Global
	GlobalSection(SolutionConfigurationPlatforms) = preSolution
		Debug|Any CPU = Debug|Any CPU
		Release|Any CPU = Release|Any CPU
	EndGlobalSection
	GlobalSection(ProjectConfigurationPlatforms) = postSolution
		{AFA93C74-738D-4083-897F-031182A0AEAF}.Debug|Any CPU.ActiveCfg = Debug|Any CPU
		{AFA93C74-738D-4083-897F-031182A0AEAF}.Debug|Any CPU.Build.0 = Debug|Any CPU
		{AFA93C74-738D-4083-897F-031182A0AEAF}.Release|Any CPU.ActiveCfg = Release|Any CPU
		{AFA93C74-738D-4083-897F-031182A0AEAF}.Release|Any CPU.Build.0 = Release|Any CPU
		{6B9C63FB-3912-410E-9BE2-AD3DCA38C5A2}.Debug|Any CPU.ActiveCfg = Debug|Any CPU
		{6B9C63FB-3912-410E-9BE2-AD3DCA38C5A2}.Debug|Any CPU.Build.0 = Debug|Any CPU
		{6B9C63FB-3912-410E-9BE2-AD3DCA38C5A2}.Release|Any CPU.ActiveCfg = Release|Any CPU
		{6B9C63FB-3912-410E-9BE2-AD3DCA38C5A2}.Release|Any CPU.Build.0 = Release|Any CPU
		{16C37BDA-D6D7-4A98-B158-89DCFBDEE12D}.Debug|Any CPU.ActiveCfg = Debug|Any CPU
		{16C37BDA-D6D7-4A98-B158-89DCFBDEE12D}.Debug|Any CPU.Build.0 = Debug|Any CPU
		{16C37BDA-D6D7-4A98-B158-89DCFBDEE12D}.Release|Any CPU.ActiveCfg = Release|Any CPU
		{16C37BDA-D6D7-4A98-B158-89DCFBDEE12D}.Release|Any CPU.Build.0 = Release|Any CPU
	EndGlobalSection
	GlobalSection(SolutionProperties) = preSolution
		HideSolutionNode = FALSE
	EndGlobalSection
	GlobalSection(ExtensibilityGlobals) = postSolution
		SolutionGuid = {CC92AEAD-7FE7-4823-A218-842736B84CC5}
	EndGlobalSection
EndGlobal
